// !$*UTF8*$!
{
	archiveVersion = 1;
	classes = {
	};
	objectVersion = 56;
	objects = {

/* Begin PBXBuildFile section */
		6C035E452C33A1580016F441 /* HeroHeaderUIView.swift in Sources */ = {isa = PBXBuildFile; fileRef = 6C035E442C33A1580016F441 /* HeroHeaderUIView.swift */; };
		6C06EB932C3289B900A016CE /* CollectionViewTableViewCell.swift in Sources */ = {isa = PBXBuildFile; fileRef = 6C06EB922C3289B900A016CE /* CollectionViewTableViewCell.swift */; };
		6C393EE62C323AE2009BE4D3 /* AppDelegate.swift in Sources */ = {isa = PBXBuildFile; fileRef = 6C393EE52C323AE2009BE4D3 /* AppDelegate.swift */; };
		6C393EE82C323AE2009BE4D3 /* SceneDelegate.swift in Sources */ = {isa = PBXBuildFile; fileRef = 6C393EE72C323AE2009BE4D3 /* SceneDelegate.swift */; };
		6C393EEA2C323AE2009BE4D3 /* MainTabBarViewController.swift in Sources */ = {isa = PBXBuildFile; fileRef = 6C393EE92C323AE2009BE4D3 /* MainTabBarViewController.swift */; };
		6C393EEF2C323AE3009BE4D3 /* Assets.xcassets in Resources */ = {isa = PBXBuildFile; fileRef = 6C393EEE2C323AE3009BE4D3 /* Assets.xcassets */; };
		6C393EF22C323AE3009BE4D3 /* Base in Resources */ = {isa = PBXBuildFile; fileRef = 6C393EF12C323AE3009BE4D3 /* Base */; };
		6C393EFB2C32421B009BE4D3 /* HomeViewController.swift in Sources */ = {isa = PBXBuildFile; fileRef = 6C393EFA2C32421B009BE4D3 /* HomeViewController.swift */; };
		6C393EFD2C324587009BE4D3 /* UpcomingViewController.swift in Sources */ = {isa = PBXBuildFile; fileRef = 6C393EFC2C324587009BE4D3 /* UpcomingViewController.swift */; };
		6C393EFF2C3245BC009BE4D3 /* SearchViewController.swift in Sources */ = {isa = PBXBuildFile; fileRef = 6C393EFE2C3245BC009BE4D3 /* SearchViewController.swift */; };
		6C393F012C3245FF009BE4D3 /* DownloadsViewController.swift in Sources */ = {isa = PBXBuildFile; fileRef = 6C393F002C3245FF009BE4D3 /* DownloadsViewController.swift */; };
		6C54C1E12C3F61EA00CE059E /* TitleCollectionViewCell.swift in Sources */ = {isa = PBXBuildFile; fileRef = 6C54C1E02C3F61EA00CE059E /* TitleCollectionViewCell.swift */; };
		6C54C1E82C3FB10300CE059E /* TitleTableViewCell.swift in Sources */ = {isa = PBXBuildFile; fileRef = 6C54C1E72C3FB10300CE059E /* TitleTableViewCell.swift */; };
		6C54C1EB2C3FB94900CE059E /* SDWebImage in Frameworks */ = {isa = PBXBuildFile; productRef = 6C54C1EA2C3FB94900CE059E /* SDWebImage */; };
		6C54C1ED2C3FB94900CE059E /* SDWebImageMapKit in Frameworks */ = {isa = PBXBuildFile; productRef = 6C54C1EC2C3FB94900CE059E /* SDWebImageMapKit */; };
		6C54C1EF2C3FBB3100CE059E /* TitleViewModel.swift in Sources */ = {isa = PBXBuildFile; fileRef = 6C54C1EE2C3FBB3100CE059E /* TitleViewModel.swift */; };
		6C7288592C37BF0100FC7EB4 /* .gitignore in Resources */ = {isa = PBXBuildFile; fileRef = 6C7288582C37BF0100FC7EB4 /* .gitignore */; };
		6C72885B2C37C26500FC7EB4 /* Extensions.swift in Sources */ = {isa = PBXBuildFile; fileRef = 6C72885A2C37C26500FC7EB4 /* Extensions.swift */; };
		6C80F6682C40EDC800A9F2ED /* SearchResultViewController.swift in Sources */ = {isa = PBXBuildFile; fileRef = 6C80F6672C40EDC800A9F2ED /* SearchResultViewController.swift */; };
		6C94EA472C351AC400F14EF0 /* APICaller.swift in Sources */ = {isa = PBXBuildFile; fileRef = 6C94EA462C351AC400F14EF0 /* APICaller.swift */; };
		6CD05A842C36432500BC5F10 /* Title.swift in Sources */ = {isa = PBXBuildFile; fileRef = 6CD05A832C36432500BC5F10 /* Title.swift */; };
/* End PBXBuildFile section */

/* Begin PBXFileReference section */
		6C035E442C33A1580016F441 /* HeroHeaderUIView.swift */ = {isa = PBXFileReference; lastKnownFileType = sourcecode.swift; path = HeroHeaderUIView.swift; sourceTree = "<group>"; };
		6C06EB922C3289B900A016CE /* CollectionViewTableViewCell.swift */ = {isa = PBXFileReference; lastKnownFileType = sourcecode.swift; path = CollectionViewTableViewCell.swift; sourceTree = "<group>"; };
		6C2162F12C3BB38800C5A10D /* Secrets.xcconfig */ = {isa = PBXFileReference; lastKnownFileType = text.xcconfig; path = Secrets.xcconfig; sourceTree = "<group>"; };
		6C393EE22C323AE2009BE4D3 /* Netflix Clone.app */ = {isa = PBXFileReference; explicitFileType = wrapper.application; includeInIndex = 0; path = "Netflix Clone.app"; sourceTree = BUILT_PRODUCTS_DIR; };
		6C393EE52C323AE2009BE4D3 /* AppDelegate.swift */ = {isa = PBXFileReference; lastKnownFileType = sourcecode.swift; path = AppDelegate.swift; sourceTree = "<group>"; };
		6C393EE72C323AE2009BE4D3 /* SceneDelegate.swift */ = {isa = PBXFileReference; lastKnownFileType = sourcecode.swift; path = SceneDelegate.swift; sourceTree = "<group>"; };
		6C393EE92C323AE2009BE4D3 /* MainTabBarViewController.swift */ = {isa = PBXFileReference; lastKnownFileType = sourcecode.swift; path = MainTabBarViewController.swift; sourceTree = "<group>"; };
		6C393EEE2C323AE3009BE4D3 /* Assets.xcassets */ = {isa = PBXFileReference; lastKnownFileType = folder.assetcatalog; path = Assets.xcassets; sourceTree = "<group>"; };
		6C393EF12C323AE3009BE4D3 /* Base */ = {isa = PBXFileReference; lastKnownFileType = file.storyboard; name = Base; path = Base.lproj/LaunchScreen.storyboard; sourceTree = "<group>"; };
		6C393EF32C323AE3009BE4D3 /* Info.plist */ = {isa = PBXFileReference; lastKnownFileType = text.plist.xml; path = Info.plist; sourceTree = "<group>"; };
		6C393EFA2C32421B009BE4D3 /* HomeViewController.swift */ = {isa = PBXFileReference; lastKnownFileType = sourcecode.swift; path = HomeViewController.swift; sourceTree = "<group>"; };
		6C393EFC2C324587009BE4D3 /* UpcomingViewController.swift */ = {isa = PBXFileReference; lastKnownFileType = sourcecode.swift; path = UpcomingViewController.swift; sourceTree = "<group>"; };
		6C393EFE2C3245BC009BE4D3 /* SearchViewController.swift */ = {isa = PBXFileReference; lastKnownFileType = sourcecode.swift; path = SearchViewController.swift; sourceTree = "<group>"; };
		6C393F002C3245FF009BE4D3 /* DownloadsViewController.swift */ = {isa = PBXFileReference; lastKnownFileType = sourcecode.swift; path = DownloadsViewController.swift; sourceTree = "<group>"; };
		6C54C1E02C3F61EA00CE059E /* TitleCollectionViewCell.swift */ = {isa = PBXFileReference; lastKnownFileType = sourcecode.swift; path = TitleCollectionViewCell.swift; sourceTree = "<group>"; };
		6C54C1E72C3FB10300CE059E /* TitleTableViewCell.swift */ = {isa = PBXFileReference; lastKnownFileType = sourcecode.swift; path = TitleTableViewCell.swift; sourceTree = "<group>"; };
		6C54C1EE2C3FBB3100CE059E /* TitleViewModel.swift */ = {isa = PBXFileReference; lastKnownFileType = sourcecode.swift; path = TitleViewModel.swift; sourceTree = "<group>"; };
		6C7288582C37BF0100FC7EB4 /* .gitignore */ = {isa = PBXFileReference; lastKnownFileType = text; path = .gitignore; sourceTree = "<group>"; };
		6C72885A2C37C26500FC7EB4 /* Extensions.swift */ = {isa = PBXFileReference; lastKnownFileType = sourcecode.swift; path = Extensions.swift; sourceTree = "<group>"; };
		6C80F6672C40EDC800A9F2ED /* SearchResultViewController.swift */ = {isa = PBXFileReference; lastKnownFileType = sourcecode.swift; path = SearchResultViewController.swift; sourceTree = "<group>"; };
		6C94EA462C351AC400F14EF0 /* APICaller.swift */ = {isa = PBXFileReference; lastKnownFileType = sourcecode.swift; path = APICaller.swift; sourceTree = "<group>"; };
		6CD05A832C36432500BC5F10 /* Title.swift */ = {isa = PBXFileReference; lastKnownFileType = sourcecode.swift; path = Title.swift; sourceTree = "<group>"; };
/* End PBXFileReference section */

/* Begin PBXFrameworksBuildPhase section */
		6C393EDF2C323AE2009BE4D3 /* Frameworks */ = {
			isa = PBXFrameworksBuildPhase;
			buildActionMask = 2147483647;
			files = (
				6C54C1ED2C3FB94900CE059E /* SDWebImageMapKit in Frameworks */,
				6C54C1EB2C3FB94900CE059E /* SDWebImage in Frameworks */,
			);
			runOnlyForDeploymentPostprocessing = 0;
		};
/* End PBXFrameworksBuildPhase section */

/* Begin PBXGroup section */
		6C06EB8D2C3288F600A016CE /* Views */ = {
			isa = PBXGroup;
			children = (
				6C06EB922C3289B900A016CE /* CollectionViewTableViewCell.swift */,
				6C035E442C33A1580016F441 /* HeroHeaderUIView.swift */,
				6C54C1E02C3F61EA00CE059E /* TitleCollectionViewCell.swift */,
				6C54C1E72C3FB10300CE059E /* TitleTableViewCell.swift */,
			);
			path = Views;
			sourceTree = "<group>";
		};
		6C393ED92C323AE2009BE4D3 = {
			isa = PBXGroup;
			children = (
				6C2162F12C3BB38800C5A10D /* Secrets.xcconfig */,
				6C7288582C37BF0100FC7EB4 /* .gitignore */,
				6C393EE42C323AE2009BE4D3 /* Netflix Clone */,
				6C393EE32C323AE2009BE4D3 /* Products */,
			);
			sourceTree = "<group>";
		};
		6C393EE32C323AE2009BE4D3 /* Products */ = {
			isa = PBXGroup;
			children = (
				6C393EE22C323AE2009BE4D3 /* Netflix Clone.app */,
			);
			name = Products;
			sourceTree = "<group>";
		};
		6C393EE42C323AE2009BE4D3 /* Netflix Clone */ = {
			isa = PBXGroup;
			children = (
				6C94EA422C351A3700F14EF0 /* Managers */,
				6C94EA432C351A5300F14EF0 /* Resources */,
				6C94EA442C351A6000F14EF0 /* Models */,
				6C06EB8D2C3288F600A016CE /* Views */,
				6C94EA452C351A7D00F14EF0 /* ViewModels */,
				6C393EF92C3241CC009BE4D3 /* Controllers */,
				6C393EE52C323AE2009BE4D3 /* AppDelegate.swift */,
				6C393EE72C323AE2009BE4D3 /* SceneDelegate.swift */,
				6C393EE92C323AE2009BE4D3 /* MainTabBarViewController.swift */,
				6C393EEE2C323AE3009BE4D3 /* Assets.xcassets */,
				6C393EF02C323AE3009BE4D3 /* LaunchScreen.storyboard */,
				6C393EF32C323AE3009BE4D3 /* Info.plist */,
			);
			path = "Netflix Clone";
			sourceTree = "<group>";
		};
		6C393EF92C3241CC009BE4D3 /* Controllers */ = {
			isa = PBXGroup;
			children = (
				6C80F66A2C40EE3C00A9F2ED /* General */,
				6C80F6692C40EE1A00A9F2ED /* Core */,
			);
			path = Controllers;
			sourceTree = "<group>";
		};
		6C80F6692C40EE1A00A9F2ED /* Core */ = {
			isa = PBXGroup;
			children = (
				6C393EFA2C32421B009BE4D3 /* HomeViewController.swift */,
				6C393EFC2C324587009BE4D3 /* UpcomingViewController.swift */,
				6C393EFE2C3245BC009BE4D3 /* SearchViewController.swift */,
				6C393F002C3245FF009BE4D3 /* DownloadsViewController.swift */,
			);
			path = Core;
			sourceTree = "<group>";
		};
		6C80F66A2C40EE3C00A9F2ED /* General */ = {
			isa = PBXGroup;
			children = (
				6C80F6672C40EDC800A9F2ED /* SearchResultViewController.swift */,
			);
			path = General;
			sourceTree = "<group>";
		};
		6C94EA422C351A3700F14EF0 /* Managers */ = {
			isa = PBXGroup;
			children = (
				6C94EA462C351AC400F14EF0 /* APICaller.swift */,
			);
			path = Managers;
			sourceTree = "<group>";
		};
		6C94EA432C351A5300F14EF0 /* Resources */ = {
			isa = PBXGroup;
			children = (
				6C72885A2C37C26500FC7EB4 /* Extensions.swift */,
			);
			path = Resources;
			sourceTree = "<group>";
		};
		6C94EA442C351A6000F14EF0 /* Models */ = {
			isa = PBXGroup;
			children = (
				6CD05A832C36432500BC5F10 /* Title.swift */,
			);
			path = Models;
			sourceTree = "<group>";
		};
		6C94EA452C351A7D00F14EF0 /* ViewModels */ = {
			isa = PBXGroup;
			children = (
				6C54C1EE2C3FBB3100CE059E /* TitleViewModel.swift */,
			);
			path = ViewModels;
			sourceTree = "<group>";
		};
/* End PBXGroup section */

/* Begin PBXNativeTarget section */
		6C393EE12C323AE2009BE4D3 /* Netflix Clone */ = {
			isa = PBXNativeTarget;
			buildConfigurationList = 6C393EF62C323AE3009BE4D3 /* Build configuration list for PBXNativeTarget "Netflix Clone" */;
			buildPhases = (
				6C393EDE2C323AE2009BE4D3 /* Sources */,
				6C393EDF2C323AE2009BE4D3 /* Frameworks */,
				6C393EE02C323AE2009BE4D3 /* Resources */,
			);
			buildRules = (
			);
			dependencies = (
			);
			name = "Netflix Clone";
			packageProductDependencies = (
				6C54C1EA2C3FB94900CE059E /* SDWebImage */,
				6C54C1EC2C3FB94900CE059E /* SDWebImageMapKit */,
			);
			productName = "Netflix Clone";
			productReference = 6C393EE22C323AE2009BE4D3 /* Netflix Clone.app */;
			productType = "com.apple.product-type.application";
		};
/* End PBXNativeTarget section */

/* Begin PBXProject section */
		6C393EDA2C323AE2009BE4D3 /* Project object */ = {
			isa = PBXProject;
			attributes = {
				BuildIndependentTargetsInParallel = 1;
				LastSwiftUpdateCheck = 1540;
				LastUpgradeCheck = 1540;
				TargetAttributes = {
					6C393EE12C323AE2009BE4D3 = {
						CreatedOnToolsVersion = 15.4;
					};
				};
			};
			buildConfigurationList = 6C393EDD2C323AE2009BE4D3 /* Build configuration list for PBXProject "Netflix Clone" */;
			compatibilityVersion = "Xcode 14.0";
			developmentRegion = en;
			hasScannedForEncodings = 0;
			knownRegions = (
				en,
				Base,
			);
			mainGroup = 6C393ED92C323AE2009BE4D3;
			packageReferences = (
				6C54C1E92C3FB94900CE059E /* XCRemoteSwiftPackageReference "SDWebImage" */,
			);
			productRefGroup = 6C393EE32C323AE2009BE4D3 /* Products */;
			projectDirPath = "";
			projectRoot = "";
			targets = (
				6C393EE12C323AE2009BE4D3 /* Netflix Clone */,
			);
		};
/* End PBXProject section */

/* Begin PBXResourcesBuildPhase section */
		6C393EE02C323AE2009BE4D3 /* Resources */ = {
			isa = PBXResourcesBuildPhase;
			buildActionMask = 2147483647;
			files = (
				6C393EEF2C323AE3009BE4D3 /* Assets.xcassets in Resources */,
				6C7288592C37BF0100FC7EB4 /* .gitignore in Resources */,
				6C393EF22C323AE3009BE4D3 /* Base in Resources */,
			);
			runOnlyForDeploymentPostprocessing = 0;
		};
/* End PBXResourcesBuildPhase section */

/* Begin PBXSourcesBuildPhase section */
		6C393EDE2C323AE2009BE4D3 /* Sources */ = {
			isa = PBXSourcesBuildPhase;
			buildActionMask = 2147483647;
			files = (
				6C54C1E82C3FB10300CE059E /* TitleTableViewCell.swift in Sources */,
				6C393EFF2C3245BC009BE4D3 /* SearchViewController.swift in Sources */,
				6C54C1E12C3F61EA00CE059E /* TitleCollectionViewCell.swift in Sources */,
				6C393EEA2C323AE2009BE4D3 /* MainTabBarViewController.swift in Sources */,
				6C06EB932C3289B900A016CE /* CollectionViewTableViewCell.swift in Sources */,
				6C94EA472C351AC400F14EF0 /* APICaller.swift in Sources */,
				6C80F6682C40EDC800A9F2ED /* SearchResultViewController.swift in Sources */,
				6C035E452C33A1580016F441 /* HeroHeaderUIView.swift in Sources */,
				6C393F012C3245FF009BE4D3 /* DownloadsViewController.swift in Sources */,
				6C393EE62C323AE2009BE4D3 /* AppDelegate.swift in Sources */,
				6C72885B2C37C26500FC7EB4 /* Extensions.swift in Sources */,
				6C393EE82C323AE2009BE4D3 /* SceneDelegate.swift in Sources */,
				6C393EFD2C324587009BE4D3 /* UpcomingViewController.swift in Sources */,
				6CD05A842C36432500BC5F10 /* Title.swift in Sources */,
				6C393EFB2C32421B009BE4D3 /* HomeViewController.swift in Sources */,
				6C54C1EF2C3FBB3100CE059E /* TitleViewModel.swift in Sources */,
			);
			runOnlyForDeploymentPostprocessing = 0;
		};
/* End PBXSourcesBuildPhase section */

/* Begin PBXVariantGroup section */
		6C393EF02C323AE3009BE4D3 /* LaunchScreen.storyboard */ = {
			isa = PBXVariantGroup;
			children = (
				6C393EF12C323AE3009BE4D3 /* Base */,
			);
			name = LaunchScreen.storyboard;
			sourceTree = "<group>";
		};
/* End PBXVariantGroup section */

/* Begin XCBuildConfiguration section */
		6C393EF42C323AE3009BE4D3 /* Debug */ = {
			isa = XCBuildConfiguration;
			buildSettings = {
				ALWAYS_SEARCH_USER_PATHS = NO;
				ASSETCATALOG_COMPILER_GENERATE_SWIFT_ASSET_SYMBOL_EXTENSIONS = YES;
				CLANG_ANALYZER_NONNULL = YES;
				CLANG_ANALYZER_NUMBER_OBJECT_CONVERSION = YES_AGGRESSIVE;
				CLANG_CXX_LANGUAGE_STANDARD = "gnu++20";
				CLANG_ENABLE_MODULES = YES;
				CLANG_ENABLE_OBJC_ARC = YES;
				CLANG_ENABLE_OBJC_WEAK = YES;
				CLANG_WARN_BLOCK_CAPTURE_AUTORELEASING = YES;
				CLANG_WARN_BOOL_CONVERSION = YES;
				CLANG_WARN_COMMA = YES;
				CLANG_WARN_CONSTANT_CONVERSION = YES;
				CLANG_WARN_DEPRECATED_OBJC_IMPLEMENTATIONS = YES;
				CLANG_WARN_DIRECT_OBJC_ISA_USAGE = YES_ERROR;
				CLANG_WARN_DOCUMENTATION_COMMENTS = YES;
				CLANG_WARN_EMPTY_BODY = YES;
				CLANG_WARN_ENUM_CONVERSION = YES;
				CLANG_WARN_INFINITE_RECURSION = YES;
				CLANG_WARN_INT_CONVERSION = YES;
				CLANG_WARN_NON_LITERAL_NULL_CONVERSION = YES;
				CLANG_WARN_OBJC_IMPLICIT_RETAIN_SELF = YES;
				CLANG_WARN_OBJC_LITERAL_CONVERSION = YES;
				CLANG_WARN_OBJC_ROOT_CLASS = YES_ERROR;
				CLANG_WARN_QUOTED_INCLUDE_IN_FRAMEWORK_HEADER = YES;
				CLANG_WARN_RANGE_LOOP_ANALYSIS = YES;
				CLANG_WARN_STRICT_PROTOTYPES = YES;
				CLANG_WARN_SUSPICIOUS_MOVE = YES;
				CLANG_WARN_UNGUARDED_AVAILABILITY = YES_AGGRESSIVE;
				CLANG_WARN_UNREACHABLE_CODE = YES;
				CLANG_WARN__DUPLICATE_METHOD_MATCH = YES;
				COPY_PHASE_STRIP = NO;
				DEBUG_INFORMATION_FORMAT = dwarf;
				ENABLE_STRICT_OBJC_MSGSEND = YES;
				ENABLE_TESTABILITY = YES;
				ENABLE_USER_SCRIPT_SANDBOXING = YES;
				GCC_C_LANGUAGE_STANDARD = gnu17;
				GCC_DYNAMIC_NO_PIC = NO;
				GCC_NO_COMMON_BLOCKS = YES;
				GCC_OPTIMIZATION_LEVEL = 0;
				GCC_PREPROCESSOR_DEFINITIONS = (
					"DEBUG=1",
					"$(inherited)",
				);
				GCC_WARN_64_TO_32_BIT_CONVERSION = YES;
				GCC_WARN_ABOUT_RETURN_TYPE = YES_ERROR;
				GCC_WARN_UNDECLARED_SELECTOR = YES;
				GCC_WARN_UNINITIALIZED_AUTOS = YES_AGGRESSIVE;
				GCC_WARN_UNUSED_FUNCTION = YES;
				GCC_WARN_UNUSED_VARIABLE = YES;
				IPHONEOS_DEPLOYMENT_TARGET = 17.5;
				LOCALIZATION_PREFERS_STRING_CATALOGS = YES;
				MTL_ENABLE_DEBUG_INFO = INCLUDE_SOURCE;
				MTL_FAST_MATH = YES;
				ONLY_ACTIVE_ARCH = YES;
				SDKROOT = iphoneos;
				SWIFT_ACTIVE_COMPILATION_CONDITIONS = "DEBUG $(inherited)";
				SWIFT_OPTIMIZATION_LEVEL = "-Onone";
			};
			name = Debug;
		};
		6C393EF52C323AE3009BE4D3 /* Release */ = {
			isa = XCBuildConfiguration;
			buildSettings = {
				ALWAYS_SEARCH_USER_PATHS = NO;
				ASSETCATALOG_COMPILER_GENERATE_SWIFT_ASSET_SYMBOL_EXTENSIONS = YES;
				CLANG_ANALYZER_NONNULL = YES;
				CLANG_ANALYZER_NUMBER_OBJECT_CONVERSION = YES_AGGRESSIVE;
				CLANG_CXX_LANGUAGE_STANDARD = "gnu++20";
				CLANG_ENABLE_MODULES = YES;
				CLANG_ENABLE_OBJC_ARC = YES;
				CLANG_ENABLE_OBJC_WEAK = YES;
				CLANG_WARN_BLOCK_CAPTURE_AUTORELEASING = YES;
				CLANG_WARN_BOOL_CONVERSION = YES;
				CLANG_WARN_COMMA = YES;
				CLANG_WARN_CONSTANT_CONVERSION = YES;
				CLANG_WARN_DEPRECATED_OBJC_IMPLEMENTATIONS = YES;
				CLANG_WARN_DIRECT_OBJC_ISA_USAGE = YES_ERROR;
				CLANG_WARN_DOCUMENTATION_COMMENTS = YES;
				CLANG_WARN_EMPTY_BODY = YES;
				CLANG_WARN_ENUM_CONVERSION = YES;
				CLANG_WARN_INFINITE_RECURSION = YES;
				CLANG_WARN_INT_CONVERSION = YES;
				CLANG_WARN_NON_LITERAL_NULL_CONVERSION = YES;
				CLANG_WARN_OBJC_IMPLICIT_RETAIN_SELF = YES;
				CLANG_WARN_OBJC_LITERAL_CONVERSION = YES;
				CLANG_WARN_OBJC_ROOT_CLASS = YES_ERROR;
				CLANG_WARN_QUOTED_INCLUDE_IN_FRAMEWORK_HEADER = YES;
				CLANG_WARN_RANGE_LOOP_ANALYSIS = YES;
				CLANG_WARN_STRICT_PROTOTYPES = YES;
				CLANG_WARN_SUSPICIOUS_MOVE = YES;
				CLANG_WARN_UNGUARDED_AVAILABILITY = YES_AGGRESSIVE;
				CLANG_WARN_UNREACHABLE_CODE = YES;
				CLANG_WARN__DUPLICATE_METHOD_MATCH = YES;
				COPY_PHASE_STRIP = NO;
				DEBUG_INFORMATION_FORMAT = "dwarf-with-dsym";
				ENABLE_NS_ASSERTIONS = NO;
				ENABLE_STRICT_OBJC_MSGSEND = YES;
				ENABLE_USER_SCRIPT_SANDBOXING = YES;
				GCC_C_LANGUAGE_STANDARD = gnu17;
				GCC_NO_COMMON_BLOCKS = YES;
				GCC_WARN_64_TO_32_BIT_CONVERSION = YES;
				GCC_WARN_ABOUT_RETURN_TYPE = YES_ERROR;
				GCC_WARN_UNDECLARED_SELECTOR = YES;
				GCC_WARN_UNINITIALIZED_AUTOS = YES_AGGRESSIVE;
				GCC_WARN_UNUSED_FUNCTION = YES;
				GCC_WARN_UNUSED_VARIABLE = YES;
				IPHONEOS_DEPLOYMENT_TARGET = 17.5;
				LOCALIZATION_PREFERS_STRING_CATALOGS = YES;
				MTL_ENABLE_DEBUG_INFO = NO;
				MTL_FAST_MATH = YES;
				SDKROOT = iphoneos;
				SWIFT_COMPILATION_MODE = wholemodule;
				VALIDATE_PRODUCT = YES;
			};
			name = Release;
		};
		6C393EF72C323AE3009BE4D3 /* Debug */ = {
			isa = XCBuildConfiguration;
			baseConfigurationReference = 6C2162F12C3BB38800C5A10D /* Secrets.xcconfig */;
			buildSettings = {
				ASSETCATALOG_COMPILER_APPICON_NAME = AppIcon;
				ASSETCATALOG_COMPILER_GLOBAL_ACCENT_COLOR_NAME = AccentColor;
				CODE_SIGN_STYLE = Automatic;
				CURRENT_PROJECT_VERSION = 1;
				GENERATE_INFOPLIST_FILE = YES;
				INFOPLIST_FILE = "Netflix Clone/Info.plist";
				INFOPLIST_KEY_UIApplicationSupportsIndirectInputEvents = YES;
				INFOPLIST_KEY_UILaunchStoryboardName = LaunchScreen;
				INFOPLIST_KEY_UISupportedInterfaceOrientations_iPad = "UIInterfaceOrientationPortrait UIInterfaceOrientationPortraitUpsideDown UIInterfaceOrientationLandscapeLeft UIInterfaceOrientationLandscapeRight";
				INFOPLIST_KEY_UISupportedInterfaceOrientations_iPhone = "UIInterfaceOrientationPortrait UIInterfaceOrientationLandscapeLeft UIInterfaceOrientationLandscapeRight";
				LD_RUNPATH_SEARCH_PATHS = (
					"$(inherited)",
					"@executable_path/Frameworks",
				);
				MARKETING_VERSION = 1.0;
				PRODUCT_BUNDLE_IDENTIFIER = "com.OneTen.Netflix-Clone";
				PRODUCT_NAME = "$(TARGET_NAME)";
				SWIFT_EMIT_LOC_STRINGS = YES;
				SWIFT_VERSION = 5.0;
				TARGETED_DEVICE_FAMILY = "1,2";
			};
			name = Debug;
		};
		6C393EF82C323AE3009BE4D3 /* Release */ = {
			isa = XCBuildConfiguration;
			baseConfigurationReference = 6C2162F12C3BB38800C5A10D /* Secrets.xcconfig */;
			buildSettings = {
				ASSETCATALOG_COMPILER_APPICON_NAME = AppIcon;
				ASSETCATALOG_COMPILER_GLOBAL_ACCENT_COLOR_NAME = AccentColor;
				CODE_SIGN_STYLE = Automatic;
				CURRENT_PROJECT_VERSION = 1;
				GENERATE_INFOPLIST_FILE = YES;
				INFOPLIST_FILE = "Netflix Clone/Info.plist";
				INFOPLIST_KEY_UIApplicationSupportsIndirectInputEvents = YES;
				INFOPLIST_KEY_UILaunchStoryboardName = LaunchScreen;
				INFOPLIST_KEY_UISupportedInterfaceOrientations_iPad = "UIInterfaceOrientationPortrait UIInterfaceOrientationPortraitUpsideDown UIInterfaceOrientationLandscapeLeft UIInterfaceOrientationLandscapeRight";
				INFOPLIST_KEY_UISupportedInterfaceOrientations_iPhone = "UIInterfaceOrientationPortrait UIInterfaceOrientationLandscapeLeft UIInterfaceOrientationLandscapeRight";
				LD_RUNPATH_SEARCH_PATHS = (
					"$(inherited)",
					"@executable_path/Frameworks",
				);
				MARKETING_VERSION = 1.0;
				PRODUCT_BUNDLE_IDENTIFIER = "com.OneTen.Netflix-Clone";
				PRODUCT_NAME = "$(TARGET_NAME)";
				SWIFT_EMIT_LOC_STRINGS = YES;
				SWIFT_VERSION = 5.0;
				TARGETED_DEVICE_FAMILY = "1,2";
			};
			name = Release;
		};
/* End XCBuildConfiguration section */

/* Begin XCConfigurationList section */
		6C393EDD2C323AE2009BE4D3 /* Build configuration list for PBXProject "Netflix Clone" */ = {
			isa = XCConfigurationList;
			buildConfigurations = (
				6C393EF42C323AE3009BE4D3 /* Debug */,
				6C393EF52C323AE3009BE4D3 /* Release */,
			);
			defaultConfigurationIsVisible = 0;
			defaultConfigurationName = Release;
		};
		6C393EF62C323AE3009BE4D3 /* Build configuration list for PBXNativeTarget "Netflix Clone" */ = {
			isa = XCConfigurationList;
			buildConfigurations = (
				6C393EF72C323AE3009BE4D3 /* Debug */,
				6C393EF82C323AE3009BE4D3 /* Release */,
			);
			defaultConfigurationIsVisible = 0;
			defaultConfigurationName = Release;
		};
/* End XCConfigurationList section */

/* Begin XCRemoteSwiftPackageReference section */
		6C54C1E92C3FB94900CE059E /* XCRemoteSwiftPackageReference "SDWebImage" */ = {
			isa = XCRemoteSwiftPackageReference;
			repositoryURL = "https://github.com/SDWebImage/SDWebImage";
			requirement = {
				kind = upToNextMajorVersion;
				minimumVersion = 5.19.4;
			};
		};
/* End XCRemoteSwiftPackageReference section */

/* Begin XCSwiftPackageProductDependency section */
		6C54C1EA2C3FB94900CE059E /* SDWebImage */ = {
			isa = XCSwiftPackageProductDependency;
			package = 6C54C1E92C3FB94900CE059E /* XCRemoteSwiftPackageReference "SDWebImage" */;
			productName = SDWebImage;
		};
		6C54C1EC2C3FB94900CE059E /* SDWebImageMapKit */ = {
			isa = XCSwiftPackageProductDependency;
			package = 6C54C1E92C3FB94900CE059E /* XCRemoteSwiftPackageReference "SDWebImage" */;
			productName = SDWebImageMapKit;
		};
/* End XCSwiftPackageProductDependency section */
	};
	rootObject = 6C393EDA2C323AE2009BE4D3 /* Project object */;
}
